// !$*UTF8*$!
{
	archiveVersion = 1;
	classes = {
	};
	objectVersion = 46;
	objects = {

/* Begin PBXBuildFile section */
		D02385E41D7BCB0F00AE943B /* AppDelegate.swift in Sources */ = {isa = PBXBuildFile; fileRef = D02385E31D7BCB0F00AE943B /* AppDelegate.swift */; };
		D02385E61D7BCB0F00AE943B /* ViewController.swift in Sources */ = {isa = PBXBuildFile; fileRef = D02385E51D7BCB0F00AE943B /* ViewController.swift */; };
		D02385E91D7BCB0F00AE943B /* Main.storyboard in Resources */ = {isa = PBXBuildFile; fileRef = D02385E71D7BCB0F00AE943B /* Main.storyboard */; };
		D02385EB1D7BCB0F00AE943B /* Assets.xcassets in Resources */ = {isa = PBXBuildFile; fileRef = D02385EA1D7BCB0F00AE943B /* Assets.xcassets */; };
		D02385EE1D7BCB0F00AE943B /* LaunchScreen.storyboard in Resources */ = {isa = PBXBuildFile; fileRef = D02385EC1D7BCB0F00AE943B /* LaunchScreen.storyboard */; };
		D02385F61D7BD06E00AE943B /* Datos.swift in Sources */ = {isa = PBXBuildFile; fileRef = D02385F51D7BD06E00AE943B /* Datos.swift */; };
/* End PBXBuildFile section */

/* Begin PBXFileReference section */
		D02385E01D7BCB0F00AE943B /* HamburguesasMundo.app */ = {isa = PBXFileReference; explicitFileType = wrapper.application; includeInIndex = 0; path = HamburguesasMundo.app; sourceTree = BUILT_PRODUCTS_DIR; };
		D02385E31D7BCB0F00AE943B /* AppDelegate.swift */ = {isa = PBXFileReference; lastKnownFileType = sourcecode.swift; path = AppDelegate.swift; sourceTree = "<group>"; };
		D02385E51D7BCB0F00AE943B /* ViewController.swift */ = {isa = PBXFileReference; lastKnownFileType = sourcecode.swift; path = ViewController.swift; sourceTree = "<group>"; };
		D02385E81D7BCB0F00AE943B /* Base */ = {isa = PBXFileReference; lastKnownFileType = file.storyboard; name = Base; path = Base.lproj/Main.storyboard; sourceTree = "<group>"; };
		D02385EA1D7BCB0F00AE943B /* Assets.xcassets */ = {isa = PBXFileReference; lastKnownFileType = folder.assetcatalog; path = Assets.xcassets; sourceTree = "<group>"; };
		D02385ED1D7BCB0F00AE943B /* Base */ = {isa = PBXFileReference; lastKnownFileType = file.storyboard; name = Base; path = Base.lproj/LaunchScreen.storyboard; sourceTree = "<group>"; };
		D02385EF1D7BCB0F00AE943B /* Info.plist */ = {isa = PBXFileReference; lastKnownFileType = text.plist.xml; path = Info.plist; sourceTree = "<group>"; };
		D02385F51D7BD06E00AE943B /* Datos.swift */ = {isa = PBXFileReference; fileEncoding = 4; lastKnownFileType = sourcecode.swift; path = Datos.swift; sourceTree = "<group>"; };
/* End PBXFileReference section */

/* Begin PBXFrameworksBuildPhase section */
		D02385DD1D7BCB0F00AE943B /* Frameworks */ = {
			isa = PBXFrameworksBuildPhase;
			buildActionMask = 2147483647;
			files = (
			);
			runOnlyForDeploymentPostprocessing = 0;
		};
/* End PBXFrameworksBuildPhase section */

/* Begin PBXGroup section */
		D02385D71D7BCB0F00AE943B = {
			isa = PBXGroup;
			children = (
				D02385E21D7BCB0F00AE943B /* HamburguesasMundo */,
				D02385E11D7BCB0F00AE943B /* Products */,
			);
			sourceTree = "<group>";
		};
		D02385E11D7BCB0F00AE943B /* Products */ = {
			isa = PBXGroup;
			children = (
				D02385E01D7BCB0F00AE943B /* HamburguesasMundo.app */,
			);
			name = Products;
			sourceTree = "<group>";
		};
		D02385E21D7BCB0F00AE943B /* HamburguesasMundo */ = {
			isa = PBXGroup;
			children = (
				D02385E31D7BCB0F00AE943B /* AppDelegate.swift */,
				D02385E51D7BCB0F00AE943B /* ViewController.swift */,
				D02385E71D7BCB0F00AE943B /* Main.storyboard */,
				D02385EA1D7BCB0F00AE943B /* Assets.xcassets */,
				D02385EC1D7BCB0F00AE943B /* LaunchScreen.storyboard */,
				D02385EF1D7BCB0F00AE943B /* Info.plist */,
				D02385F51D7BD06E00AE943B /* Datos.swift */,
			);
			path = HamburguesasMundo;
			sourceTree = "<group>";
		};
/* End PBXGroup section */

/* Begin PBXNativeTarget section */
		D02385DF1D7BCB0F00AE943B /* HamburguesasMundo */ = {
			isa = PBXNativeTarget;
			buildConfigurationList = D02385F21D7BCB0F00AE943B /* Build configuration list for PBXNativeTarget "HamburguesasMundo" */;
			buildPhases = (
				D02385DC1D7BCB0F00AE943B /* Sources */,
				D02385DD1D7BCB0F00AE943B /* Frameworks */,
				D02385DE1D7BCB0F00AE943B /* Resources */,
			);
			buildRules = (
			);
			dependencies = (
			);
			name = HamburguesasMundo;
			productName = HamburguesasMundo;
			productReference = D02385E01D7BCB0F00AE943B /* HamburguesasMundo.app */;
			productType = "com.apple.product-type.application";
		};
/* End PBXNativeTarget section */

/* Begin PBXProject section */
		D02385D81D7BCB0F00AE943B /* Project object */ = {
			isa = PBXProject;
			attributes = {
				LastSwiftUpdateCheck = 0730;
				LastUpgradeCheck = 0730;
				ORGANIZATIONNAME = "José Manuel Gaytán";
				TargetAttributes = {
					D02385DF1D7BCB0F00AE943B = {
						CreatedOnToolsVersion = 7.3.1;
					};
				};
			};
			buildConfigurationList = D02385DB1D7BCB0F00AE943B /* Build configuration list for PBXProject "HamburguesasMundo" */;
			compatibilityVersion = "Xcode 3.2";
			developmentRegion = English;
			hasScannedForEncodings = 0;
			knownRegions = (
				en,
				Base,
			);
			mainGroup = D02385D71D7BCB0F00AE943B;
			productRefGroup = D02385E11D7BCB0F00AE943B /* Products */;
			projectDirPath = "";
			projectRoot = "";
			targets = (
				D02385DF1D7BCB0F00AE943B /* HamburguesasMundo */,
			);
		};
/* End PBXProject section */

/* Begin PBXResourcesBuildPhase section */
		D02385DE1D7BCB0F00AE943B /* Resources */ = {
			isa = PBXResourcesBuildPhase;
			buildActionMask = 2147483647;
			files = (
				D02385EE1D7BCB0F00AE943B /* LaunchScreen.storyboard in Resources */,
				D02385EB1D7BCB0F00AE943B /* Assets.xcassets in Resources */,
				D02385E91D7BCB0F00AE943B /* Main.storyboard in Resources */,
			);
			runOnlyForDeploymentPostprocessing = 0;
		};
/* End PBXResourcesBuildPhase section */

/* Begin PBXSourcesBuildPhase section */
		D02385DC1D7BCB0F00AE943B /* Sources */ = {
			isa = PBXSourcesBuildPhase;
			buildActionMask = 2147483647;
			files = (
				D02385E61D7BCB0F00AE943B /* ViewController.swift in Sources */,
				D02385E41D7BCB0F00AE943B /* AppDelegate.swift in Sources */,
				D02385F61D7BD06E00AE943B /* Datos.swift in Sources */,
			);
			runOnlyForDeploymentPostprocessing = 0;
		};
/* End PBXSourcesBuildPhase section */

/* Begin PBXVariantGroup section */
		D02385E71D7BCB0F00AE943B /* Main.storyboard */ = {
			isa = PBXVariantGroup;
			children = (
				D02385E81D7BCB0F00AE943B /* Base */,
			);
			name = Main.storyboard;
			sourceTree = "<group>";
		};
		D02385EC1D7BCB0F00AE943B /* LaunchScreen.storyboard */ = {
			isa = PBXVariantGroup;
			children = (
				D02385ED1D7BCB0F00AE943B /* Base */,
			);
			name = LaunchScreen.storyboard;
			sourceTree = "<group>";
		};
/* End PBXVariantGroup section */

/* Begin XCBuildConfiguration section */
		D02385F01D7BCB0F00AE943B /* Debug */ = {
			isa = XCBuildConfiguration;
			buildSettings = {
				ALWAYS_SEARCH_USER_PATHS = NO;
				CLANG_ANALYZER_NONNULL = YES;
				CLANG_CXX_LANGUAGE_STANDARD = "gnu++0x";
				CLANG_CXX_LIBRARY = "libc++";
				CLANG_ENABLE_MODULES = YES;
				CLANG_ENABLE_OBJC_ARC = YES;
				CLANG_WARN_BOOL_CONVERSION = YES;
				CLANG_WARN_CONSTANT_CONVERSION = YES;
				CLANG_WARN_DIRECT_OBJC_ISA_USAGE = YES_ERROR;
				CLANG_WARN_EMPTY_BODY = YES;
				CLANG_WARN_ENUM_CONVERSION = YES;
				CLANG_WARN_INT_CONVERSION = YES;
				CLANG_WARN_OBJC_ROOT_CLASS = YES_ERROR;
				CLANG_WARN_UNREACHABLE_CODE = YES;
				CLANG_WARN__DUPLICATE_METHOD_MATCH = YES;
				"CODE_SIGN_IDENTITY[sdk=iphoneos*]" = "iPhone Developer";
				COPY_PHASE_STRIP = NO;
				DEBUG_INFORMATION_FORMAT = dwarf;
				ENABLE_STRICT_OBJC_MSGSEND = YES;
				ENABLE_TESTABILITY = YES;
				GCC_C_LANGUAGE_STANDARD = gnu99;
				GCC_DYNAMIC_NO_PIC = NO;
				GCC_NO_COMMON_BLOCKS = YES;
				GCC_OPTIMIZATION_LEVEL = 0;
				GCC_PREPROCESSOR_DEFINITIONS = (
					"DEBUG=1",
					"$(inherited)",
				);
				GCC_WARN_64_TO_32_BIT_CONVERSION = YES;
				GCC_WARN_ABOUT_RETURN_TYPE = YES_ERROR;
				GCC_WARN_UNDECLARED_SELECTOR = YES;
				GCC_WARN_UNINITIALIZED_AUTOS = YES_AGGRESSIVE;
				GCC_WARN_UNUSED_FUNCTION = YES;
				GCC_WARN_UNUSED_VARIABLE = YES;
				IPHONEOS_DEPLOYMENT_TARGET = 9.3;
				MTL_ENABLE_DEBUG_INFO = YES;
				ONLY_ACTIVE_ARCH = YES;
				SDKROOT = iphoneos;
				SWIFT_OPTIMIZATION_LEVEL = "-Onone";
			};
			name = Debug;
		};
		D02385F11D7BCB0F00AE943B /* Release */ = {
			isa = XCBuildConfiguration;
			buildSettings = {
				ALWAYS_SEARCH_USER_PATHS = NO;
				CLANG_ANALYZER_NONNULL = YES;
				CLANG_CXX_LANGUAGE_STANDARD = "gnu++0x";
				CLANG_CXX_LIBRARY = "libc++";
				CLANG_ENABLE_MODULES = YES;
				CLANG_ENABLE_OBJC_ARC = YES;
				CLANG_WARN_BOOL_CONVERSION = YES;
				CLANG_WARN_CONSTANT_CONVERSION = YES;
				CLANG_WARN_DIRECT_OBJC_ISA_USAGE = YES_ERROR;
				CLANG_WARN_EMPTY_BODY = YES;
				CLANG_WARN_ENUM_CONVERSION = YES;
				CLANG_WARN_INT_CONVERSION = YES;
				CLANG_WARN_OBJC_ROOT_CLASS = YES_ERROR;
				CLANG_WARN_UNREACHABLE_CODE = YES;
				CLANG_WARN__DUPLICATE_METHOD_MATCH = YES;
				"CODE_SIGN_IDENTITY[sdk=iphoneos*]" = "iPhone Developer";
				COPY_PHASE_STRIP = NO;
				DEBUG_INFORMATION_FORMAT = "dwarf-with-dsym";
				ENABLE_NS_ASSERTIONS = NO;
				ENABLE_STRICT_OBJC_MSGSEND = YES;
				GCC_C_LANGUAGE_STANDARD = gnu99;
				GCC_NO_COMMON_BLOCKS = YES;
				GCC_WARN_64_TO_32_BIT_CONVERSION = YES;
				GCC_WARN_ABOUT_RETURN_TYPE = YES_ERROR;
				GCC_WARN_UNDECLARED_SELECTOR = YES;
				GCC_WARN_UNINITIALIZED_AUTOS = YES_AGGRESSIVE;
				GCC_WARN_UNUSED_FUNCTION = YES;
				GCC_WARN_UNUSED_VARIABLE = YES;
				IPHONEOS_DEPLOYMENT_TARGET = 9.3;
				MTL_ENABLE_DEBUG_INFO = NO;
				SDKROOT = iphoneos;
				VALIDATE_PRODUCT = YES;
			};
			name = Release;
		};
		D02385F31D7BCB0F00AE943B /* Debug */ = {
			isa = XCBuildConfiguration;
			buildSettings = {
				ASSETCATALOG_COMPILER_APPICON_NAME = AppIcon;
				INFOPLIST_FILE = HamburguesasMundo/Info.plist;
				LD_RUNPATH_SEARCH_PATHS = "$(inherited) @executable_path/Frameworks";
				PRODUCT_BUNDLE_IDENTIFIER = net.joga.HamburguesasMundo;
				PRODUCT_NAME = "$(TARGET_NAME)";
			};
			name = Debug;
		};
		D02385F41D7BCB0F00AE943B /* Release */ = {
			isa = XCBuildConfiguration;
			buildSettings = {
				ASSETCATALOG_COMPILER_APPICON_NAME = AppIcon;
				INFOPLIST_FILE = HamburguesasMundo/Info.plist;
				LD_RUNPATH_SEARCH_PATHS = "$(inherited) @executable_path/Frameworks";
				PRODUCT_BUNDLE_IDENTIFIER = net.joga.HamburguesasMundo;
				PRODUCT_NAME = "$(TARGET_NAME)";
			};
			name = Release;
		};
/* End XCBuildConfiguration section */

/* Begin XCConfigurationList section */
		D02385DB1D7BCB0F00AE943B /* Build configuration list for PBXProject "HamburguesasMundo" */ = {
			isa = XCConfigurationList;
			buildConfigurations = (
				D02385F01D7BCB0F00AE943B /* Debug */,
				D02385F11D7BCB0F00AE943B /* Release */,
			);
			defaultConfigurationIsVisible = 0;
			defaultConfigurationName = Release;
		};
		D02385F21D7BCB0F00AE943B /* Build configuration list for PBXNativeTarget "HamburguesasMundo" */ = {
			isa = XCConfigurationList;
			buildConfigurations = (
				D02385F31D7BCB0F00AE943B /* Debug */,
				D02385F41D7BCB0F00AE943B /* Release */,
			);
			defaultConfigurationIsVisible = 0;
		};
/* End XCConfigurationList section */
	};
	rootObject = D02385D81D7BCB0F00AE943B /* Project object */;
}
